
Microsoft Visual Studio Solution File, Format Version 12.00
# Visual Studio Version 17
VisualStudioVersion = 17.8.34525.116
MinimumVisualStudioVersion = 10.0.40219.1
Project("{FAE04EC0-301F-11D3-BF4B-00C04F79EFBC}") = "gamestarter", "gamestarter\gamestarter.csproj", "{5ADECAFC-8196-4EC3-84B6-94D13494EBAB}"
EndProject
Global
	GlobalSection(SolutionConfigurationPlatforms) = preSolution
		Debug|Any CPU = Debug|Any CPU
		Release|Any CPU = Release|Any CPU
	EndGlobalSection
	GlobalSection(ProjectConfigurationPlatforms) = postSolution
		{5ADECAFC-8196-4EC3-84B6-94D13494EBAB}.Debug|Any CPU.ActiveCfg = Debug|Any CPU
		{5ADECAFC-8196-4EC3-84B6-94D13494EBAB}.Debug|Any CPU.Build.0 = Debug|Any CPU
		{5ADECAFC-8196-4EC3-84B6-94D13494EBAB}.Release|Any CPU.ActiveCfg = Release|Any CPU
		{5ADECAFC-8196-4EC3-84B6-94D13494EBAB}.Release|Any CPU.Build.0 = Release|Any CPU
	EndGlobalSection
	GlobalSection(SolutionProperties) = preSolution
		HideSolutionNode = FALSE
	EndGlobalSection
	GlobalSection(ExtensibilityGlobals) = postSolution
		SolutionGuid = {4DC40F99-FDEC-4136-B4E5-54270DAF0FF0}
	EndGlobalSection
EndGlobal
